
Microsoft Visual Studio Solution File, Format Version 12.00
# Visual Studio Version 17
VisualStudioVersion = 17.1.32328.378
MinimumVisualStudioVersion = 10.0.40219.1
Project("{9A19103F-16F7-4668-BE54-9A1E7A4F7556}") = "UnityExplorerForLobotomyCorporation", "UnityExplorer\UnityExplorerForLobotomyCorporation.csproj", "{B21DBDE3-5D6F-4726-93AB-CC3CC68BAE7D}"
EndProject
Project("{FAE04EC0-301F-11D3-BF4B-00C04F79EFBC}") = "UnityExplorerHarmonyPatch", "UnityExplorerHarmonyPatch\UnityExplorerHarmonyPatch.csproj", "{687E0B53-8392-46B0-89F9-3CDF7C88138D}"
EndProject
Project("{2150E333-8FDC-42A3-9474-1A3956D46DE8}") = "Solution Items", "Solution Items", "{15E24C22-491D-4584-B69B-720DD46003CF}"
	ProjectSection(SolutionItems) = preProject
		..\README.md = ..\README.md
	EndProjectSection
EndProject
Global
	GlobalSection(SolutionConfigurationPlatforms) = preSolution
		Release|Any CPU = Release|Any CPU
	EndGlobalSection
	GlobalSection(ProjectConfigurationPlatforms) = postSolution
		{B21DBDE3-5D6F-4726-93AB-CC3CC68BAE7D}.Release|Any CPU.ActiveCfg = Release|Any CPU
		{B21DBDE3-5D6F-4726-93AB-CC3CC68BAE7D}.Release|Any CPU.Build.0 = Release|Any CPU
		{7C8F2423-560D-43B7-A234-7385563AADB2}.Release|Any CPU.ActiveCfg = Release|Any CPU
		{7C8F2423-560D-43B7-A234-7385563AADB2}.Release|Any CPU.Build.0 = Release|Any CPU
		{687E0B53-8392-46B0-89F9-3CDF7C88138D}.Release|Any CPU.ActiveCfg = Release|Any CPU
		{687E0B53-8392-46B0-89F9-3CDF7C88138D}.Release|Any CPU.Build.0 = Release|Any CPU
	EndGlobalSection
	GlobalSection(SolutionProperties) = preSolution
		HideSolutionNode = FALSE
	EndGlobalSection
	GlobalSection(ExtensibilityGlobals) = postSolution
		SolutionGuid = {DD5C0A5D-03F1-4CC3-8B4D-E10834908C5A}
	EndGlobalSection
EndGlobal
